
Microsoft Visual Studio Solution File, Format Version 12.00
# Visual Studio Version 16
VisualStudioVersion = 16.0.30204.135
MinimumVisualStudioVersion = 10.0.40219.1
Project("{FAE04EC0-301F-11D3-BF4B-00C04F79EFBC}") = "notification", "notification.csproj", "{C9375821-8484-45D6-B0C4-7A2EB1AEC632}"
EndProject
Global
	GlobalSection(SolutionConfigurationPlatforms) = preSolution
		Debug|Any CPU = Debug|Any CPU
		Release|Any CPU = Release|Any CPU
	EndGlobalSection
	GlobalSection(ProjectConfigurationPlatforms) = postSolution
		{C9375821-8484-45D6-B0C4-7A2EB1AEC632}.Debug|Any CPU.ActiveCfg = Debug|Any CPU
		{C9375821-8484-45D6-B0C4-7A2EB1AEC632}.Debug|Any CPU.Build.0 = Debug|Any CPU
		{C9375821-8484-45D6-B0C4-7A2EB1AEC632}.Release|Any CPU.ActiveCfg = Release|Any CPU
		{C9375821-8484-45D6-B0C4-7A2EB1AEC632}.Release|Any CPU.Build.0 = Release|Any CPU
	EndGlobalSection
	GlobalSection(SolutionProperties) = preSolution
		HideSolutionNode = FALSE
	EndGlobalSection
	GlobalSection(ExtensibilityGlobals) = postSolution
		SolutionGuid = {5086369C-75E9-4CB9-9437-3BE3F161A23F}
	EndGlobalSection
EndGlobal
